
Microsoft Visual Studio Solution File, Format Version 12.00
# Visual Studio Version 17
VisualStudioVersion = 17.2.32526.322
MinimumVisualStudioVersion = 10.0.40219.1
Project("{9A19103F-16F7-4668-BE54-9A1E7A4F7556}") = "mersetaWebAPI", "mersetaWebAPI\mersetaWebAPI.csproj", "{AA176776-AE29-47EC-9EF6-7A118F37026F}"
EndProject
Global
	GlobalSection(SolutionConfigurationPlatforms) = preSolution
		Debug|Any CPU = Debug|Any CPU
		Release|Any CPU = Release|Any CPU
	EndGlobalSection
	GlobalSection(ProjectConfigurationPlatforms) = postSolution
		{AA176776-AE29-47EC-9EF6-7A118F37026F}.Debug|Any CPU.ActiveCfg = Debug|Any CPU
		{AA176776-AE29-47EC-9EF6-7A118F37026F}.Debug|Any CPU.Build.0 = Debug|Any CPU
		{AA176776-AE29-47EC-9EF6-7A118F37026F}.Release|Any CPU.ActiveCfg = Release|Any CPU
		{AA176776-AE29-47EC-9EF6-7A118F37026F}.Release|Any CPU.Build.0 = Release|Any CPU
	EndGlobalSection
	GlobalSection(SolutionProperties) = preSolution
		HideSolutionNode = FALSE
	EndGlobalSection
	GlobalSection(ExtensibilityGlobals) = postSolution
		SolutionGuid = {199D5C2A-CABC-46AE-B008-8D352BF36A16}
	EndGlobalSection
EndGlobal
